
Microsoft Visual Studio Solution File, Format Version 12.00
Project("{FAE04EC0-301F-11D3-BF4B-00C04F79EFBC}") = "IntegrationStuff", "IntegrationStuff\IntegrationStuff.csproj", "{12C3601B-9C42-4859-80A8-B337AF6B34B2}"
EndProject
Project("{FAE04EC0-301F-11D3-BF4B-00C04F79EFBC}") = "Integration.Test", "Integration.Test\Integration.Test.csproj", "{5F8D28F2-DDA2-4D9D-8BD3-85AAF388E120}"
EndProject
Global
	GlobalSection(SolutionConfigurationPlatforms) = preSolution
		Debug|Any CPU = Debug|Any CPU
		Release|Any CPU = Release|Any CPU
	EndGlobalSection
	GlobalSection(ProjectConfigurationPlatforms) = postSolution
		{12C3601B-9C42-4859-80A8-B337AF6B34B2}.Debug|Any CPU.ActiveCfg = Debug|Any CPU
		{12C3601B-9C42-4859-80A8-B337AF6B34B2}.Debug|Any CPU.Build.0 = Debug|Any CPU
		{12C3601B-9C42-4859-80A8-B337AF6B34B2}.Release|Any CPU.ActiveCfg = Release|Any CPU
		{12C3601B-9C42-4859-80A8-B337AF6B34B2}.Release|Any CPU.Build.0 = Release|Any CPU
		{5F8D28F2-DDA2-4D9D-8BD3-85AAF388E120}.Debug|Any CPU.ActiveCfg = Debug|Any CPU
		{5F8D28F2-DDA2-4D9D-8BD3-85AAF388E120}.Debug|Any CPU.Build.0 = Debug|Any CPU
		{5F8D28F2-DDA2-4D9D-8BD3-85AAF388E120}.Release|Any CPU.ActiveCfg = Release|Any CPU
		{5F8D28F2-DDA2-4D9D-8BD3-85AAF388E120}.Release|Any CPU.Build.0 = Release|Any CPU
	EndGlobalSection
EndGlobal
